# @generated - this file is auto-generated by `mise lock` https://mise.jdx.dev/dev-tools/mise-lock.html

lockfile_version = 1

[[tools."github:cococonscious/koji"]]
version = "3.4.0"
backend = "github:cococonscious/koji"
specifiers = ["3"]

[tools."github:cococonscious/koji"."platforms.linux-arm64"]
checksum = "sha256:85e5178eae873946979d188a11ba3dc11f65362af0f5dcb7ada376c746c5efa4"
url = "https://github.com/cococonscious/koji/releases/download/v3.4.0/koji-aarch64-unknown-linux-gnu.tar.gz"
url_api = "https://api.github.com/repos/cococonscious/koji/releases/assets/362165970"

[tools."github:cococonscious/koji"."platforms.linux-arm64-musl"]
checksum = "sha256:f16452a1962e8d8dff9c280a5128abd674e37b358cf31f61d42c8e89f48ca020"
url = "https://github.com/cococonscious/koji/releases/download/v3.4.0/koji-aarch64-unknown-linux-musl.tar.gz"
url_api = "https://api.github.com/repos/cococonscious/koji/releases/assets/362165802"

[tools."github:cococonscious/koji"."platforms.linux-x64"]
checksum = "sha256:5a68fd6def6d3b7eb8de4afa3e1d1ae9ea7337ed2527762169f1239893fa5c54"
url = "https://github.com/cococonscious/koji/releases/download/v3.4.0/koji-x86_64-unknown-linux-gnu.tar.gz"
url_api = "https://api.github.com/repos/cococonscious/koji/releases/assets/362165483"

[tools."github:cococonscious/koji"."platforms.linux-x64-musl"]
checksum = "sha256:84bea66389e8d98c08df927d52b5342a2e89d8a8abbfe0133ab537d5809680df"
url = "https://github.com/cococonscious/koji/releases/download/v3.4.0/koji-x86_64-unknown-linux-musl.tar.gz"
url_api = "https://api.github.com/repos/cococonscious/koji/releases/assets/362165813"

[tools."github:cococonscious/koji"."platforms.macos-arm64"]
checksum = "sha256:05a8eca10a272d71f57bb0061b65565dabaefec169a8164324198ad482a7bc6e"
url = "https://github.com/cococonscious/koji/releases/download/v3.4.0/koji-aarch64-apple-darwin.tar.gz"
url_api = "https://api.github.com/repos/cococonscious/koji/releases/assets/362165626"

[tools."github:cococonscious/koji"."platforms.macos-x64"]
checksum = "sha256:ef42a37b80be52b946ece97e262e35ec851d519a0c274f9b8baaa2cb871c0316"
url = "https://github.com/cococonscious/koji/releases/download/v3.4.0/koji-x86_64-apple-darwin.tar.gz"
url_api = "https://api.github.com/repos/cococonscious/koji/releases/assets/362166359"

[tools."github:cococonscious/koji"."platforms.windows-x64"]
checksum = "sha256:6f891f592fa54efc8f35b81d12ff3dc3bf5905a7c0031ebbcd91ef6163f5400e"
url = "https://github.com/cococonscious/koji/releases/download/v3.4.0/koji-x86_64-pc-windows-msvc.zip"
url_api = "https://api.github.com/repos/cococonscious/koji/releases/assets/362166775"
